
Microsoft Visual Studio Solution File, Format Version 12.00
# Visual Studio 15
VisualStudioVersion = 15.0.26730.15
MinimumVisualStudioVersion = 10.0.40219.1
Project("{FAE04EC0-301F-11D3-BF4B-00C04F79EFBC}") = "06.FixEmails", "06.FixEmails\06.FixEmails.csproj", "{6F397F04-2622-4D12-BC31-A7C74D01CCB3}"
EndProject
Global
	GlobalSection(SolutionConfigurationPlatforms) = preSolution
		Debug|Any CPU = Debug|Any CPU
		Release|Any CPU = Release|Any CPU
	EndGlobalSection
	GlobalSection(ProjectConfigurationPlatforms) = postSolution
		{6F397F04-2622-4D12-BC31-A7C74D01CCB3}.Debug|Any CPU.ActiveCfg = Debug|Any CPU
		{6F397F04-2622-4D12-BC31-A7C74D01CCB3}.Debug|Any CPU.Build.0 = Debug|Any CPU
		{6F397F04-2622-4D12-BC31-A7C74D01CCB3}.Release|Any CPU.ActiveCfg = Release|Any CPU
		{6F397F04-2622-4D12-BC31-A7C74D01CCB3}.Release|Any CPU.Build.0 = Release|Any CPU
	EndGlobalSection
	GlobalSection(SolutionProperties) = preSolution
		HideSolutionNode = FALSE
	EndGlobalSection
	GlobalSection(ExtensibilityGlobals) = postSolution
		SolutionGuid = {9A08203E-96C6-4955-A0DB-271219A42B9E}
	EndGlobalSection
EndGlobal
