
Microsoft Visual Studio Solution File, Format Version 12.00
# Visual Studio 15
VisualStudioVersion = 15.0.26730.15
MinimumVisualStudioVersion = 10.0.40219.1
Project("{FAE04EC0-301F-11D3-BF4B-00C04F79EFBC}") = "04.NumbersinReversedOrder", "04.NumbersinReversedOrder\04.NumbersinReversedOrder.csproj", "{7E1BA330-7932-4E30-A0C8-55AE86C35F15}"
EndProject
Global
	GlobalSection(SolutionConfigurationPlatforms) = preSolution
		Debug|Any CPU = Debug|Any CPU
		Release|Any CPU = Release|Any CPU
	EndGlobalSection
	GlobalSection(ProjectConfigurationPlatforms) = postSolution
		{7E1BA330-7932-4E30-A0C8-55AE86C35F15}.Debug|Any CPU.ActiveCfg = Debug|Any CPU
		{7E1BA330-7932-4E30-A0C8-55AE86C35F15}.Debug|Any CPU.Build.0 = Debug|Any CPU
		{7E1BA330-7932-4E30-A0C8-55AE86C35F15}.Release|Any CPU.ActiveCfg = Release|Any CPU
		{7E1BA330-7932-4E30-A0C8-55AE86C35F15}.Release|Any CPU.Build.0 = Release|Any CPU
	EndGlobalSection
	GlobalSection(SolutionProperties) = preSolution
		HideSolutionNode = FALSE
	EndGlobalSection
	GlobalSection(ExtensibilityGlobals) = postSolution
		SolutionGuid = {BE95D7A3-7248-4664-BE23-599E2CE183AF}
	EndGlobalSection
EndGlobal
