
Microsoft Visual Studio Solution File, Format Version 12.00
# Visual Studio 15
VisualStudioVersion = 15.0.26730.15
MinimumVisualStudioVersion = 10.0.40219.1
Project("{FAE04EC0-301F-11D3-BF4B-00C04F79EFBC}") = "6.CalcTriangleArea", "6.CalcTriangleArea\6.CalcTriangleArea.csproj", "{3FBF6C2C-C04D-4504-9F95-246C10956C58}"
EndProject
Global
	GlobalSection(SolutionConfigurationPlatforms) = preSolution
		Debug|Any CPU = Debug|Any CPU
		Release|Any CPU = Release|Any CPU
	EndGlobalSection
	GlobalSection(ProjectConfigurationPlatforms) = postSolution
		{3FBF6C2C-C04D-4504-9F95-246C10956C58}.Debug|Any CPU.ActiveCfg = Debug|Any CPU
		{3FBF6C2C-C04D-4504-9F95-246C10956C58}.Debug|Any CPU.Build.0 = Debug|Any CPU
		{3FBF6C2C-C04D-4504-9F95-246C10956C58}.Release|Any CPU.ActiveCfg = Release|Any CPU
		{3FBF6C2C-C04D-4504-9F95-246C10956C58}.Release|Any CPU.Build.0 = Release|Any CPU
	EndGlobalSection
	GlobalSection(SolutionProperties) = preSolution
		HideSolutionNode = FALSE
	EndGlobalSection
	GlobalSection(ExtensibilityGlobals) = postSolution
		SolutionGuid = {8A57A714-6391-4020-87B0-B987E02DFDD3}
	EndGlobalSection
EndGlobal
