
Microsoft Visual Studio Solution File, Format Version 12.00
# Visual Studio 15
VisualStudioVersion = 15.0.26730.15
MinimumVisualStudioVersion = 10.0.40219.1
Project("{FAE04EC0-301F-11D3-BF4B-00C04F79EFBC}") = "09.LongerLine", "09.LongerLine\09.LongerLine.csproj", "{FDA55AAD-E5EA-43B9-8127-A506FACCA04C}"
EndProject
Global
	GlobalSection(SolutionConfigurationPlatforms) = preSolution
		Debug|Any CPU = Debug|Any CPU
		Release|Any CPU = Release|Any CPU
	EndGlobalSection
	GlobalSection(ProjectConfigurationPlatforms) = postSolution
		{FDA55AAD-E5EA-43B9-8127-A506FACCA04C}.Debug|Any CPU.ActiveCfg = Debug|Any CPU
		{FDA55AAD-E5EA-43B9-8127-A506FACCA04C}.Debug|Any CPU.Build.0 = Debug|Any CPU
		{FDA55AAD-E5EA-43B9-8127-A506FACCA04C}.Release|Any CPU.ActiveCfg = Release|Any CPU
		{FDA55AAD-E5EA-43B9-8127-A506FACCA04C}.Release|Any CPU.Build.0 = Release|Any CPU
	EndGlobalSection
	GlobalSection(SolutionProperties) = preSolution
		HideSolutionNode = FALSE
	EndGlobalSection
	GlobalSection(ExtensibilityGlobals) = postSolution
		SolutionGuid = {255B5FC3-AB39-4EF2-9447-84FFAF052DB3}
	EndGlobalSection
EndGlobal
