
Microsoft Visual Studio Solution File, Format Version 12.00
# Visual Studio 15
VisualStudioVersion = 15.0.26730.15
MinimumVisualStudioVersion = 10.0.40219.1
Project("{FAE04EC0-301F-11D3-BF4B-00C04F79EFBC}") = "04.DistancebetweenPoints", "04.DistancebetweenPoints\04.DistancebetweenPoints.csproj", "{9DEBF4E1-F090-40E3-B32B-A8416CF5AD2E}"
EndProject
Global
	GlobalSection(SolutionConfigurationPlatforms) = preSolution
		Debug|Any CPU = Debug|Any CPU
		Release|Any CPU = Release|Any CPU
	EndGlobalSection
	GlobalSection(ProjectConfigurationPlatforms) = postSolution
		{9DEBF4E1-F090-40E3-B32B-A8416CF5AD2E}.Debug|Any CPU.ActiveCfg = Debug|Any CPU
		{9DEBF4E1-F090-40E3-B32B-A8416CF5AD2E}.Debug|Any CPU.Build.0 = Debug|Any CPU
		{9DEBF4E1-F090-40E3-B32B-A8416CF5AD2E}.Release|Any CPU.ActiveCfg = Release|Any CPU
		{9DEBF4E1-F090-40E3-B32B-A8416CF5AD2E}.Release|Any CPU.Build.0 = Release|Any CPU
	EndGlobalSection
	GlobalSection(SolutionProperties) = preSolution
		HideSolutionNode = FALSE
	EndGlobalSection
	GlobalSection(ExtensibilityGlobals) = postSolution
		SolutionGuid = {454A7EA0-22D1-41EE-8CA5-1AD6D1199C76}
	EndGlobalSection
EndGlobal
