
Microsoft Visual Studio Solution File, Format Version 12.00
# Visual Studio 15
VisualStudioVersion = 15.0.26730.15
MinimumVisualStudioVersion = 10.0.40219.1
Project("{FAE04EC0-301F-11D3-BF4B-00C04F79EFBC}") = "7.AdvertisementMessage", "7.AdvertisementMessage\7.AdvertisementMessage.csproj", "{5296AB7D-F26A-41CB-8D9E-AF9720EC7CCC}"
EndProject
Global
	GlobalSection(SolutionConfigurationPlatforms) = preSolution
		Debug|Any CPU = Debug|Any CPU
		Release|Any CPU = Release|Any CPU
	EndGlobalSection
	GlobalSection(ProjectConfigurationPlatforms) = postSolution
		{5296AB7D-F26A-41CB-8D9E-AF9720EC7CCC}.Debug|Any CPU.ActiveCfg = Debug|Any CPU
		{5296AB7D-F26A-41CB-8D9E-AF9720EC7CCC}.Debug|Any CPU.Build.0 = Debug|Any CPU
		{5296AB7D-F26A-41CB-8D9E-AF9720EC7CCC}.Release|Any CPU.ActiveCfg = Release|Any CPU
		{5296AB7D-F26A-41CB-8D9E-AF9720EC7CCC}.Release|Any CPU.Build.0 = Release|Any CPU
	EndGlobalSection
	GlobalSection(SolutionProperties) = preSolution
		HideSolutionNode = FALSE
	EndGlobalSection
	GlobalSection(ExtensibilityGlobals) = postSolution
		SolutionGuid = {BCDDCF3B-9032-4849-BBA3-105D888CB8D0}
	EndGlobalSection
EndGlobal
