
Microsoft Visual Studio Solution File, Format Version 12.00
# Visual Studio 15
VisualStudioVersion = 15.0.26730.15
MinimumVisualStudioVersion = 10.0.40219.1
Project("{FAE04EC0-301F-11D3-BF4B-00C04F79EFBC}") = "06.ValidUsernames", "06.ValidUsernames\06.ValidUsernames.csproj", "{E1391F2A-F4B8-40AC-97B6-890362D3A1F5}"
EndProject
Global
	GlobalSection(SolutionConfigurationPlatforms) = preSolution
		Debug|Any CPU = Debug|Any CPU
		Release|Any CPU = Release|Any CPU
	EndGlobalSection
	GlobalSection(ProjectConfigurationPlatforms) = postSolution
		{E1391F2A-F4B8-40AC-97B6-890362D3A1F5}.Debug|Any CPU.ActiveCfg = Debug|Any CPU
		{E1391F2A-F4B8-40AC-97B6-890362D3A1F5}.Debug|Any CPU.Build.0 = Debug|Any CPU
		{E1391F2A-F4B8-40AC-97B6-890362D3A1F5}.Release|Any CPU.ActiveCfg = Release|Any CPU
		{E1391F2A-F4B8-40AC-97B6-890362D3A1F5}.Release|Any CPU.Build.0 = Release|Any CPU
	EndGlobalSection
	GlobalSection(SolutionProperties) = preSolution
		HideSolutionNode = FALSE
	EndGlobalSection
	GlobalSection(ExtensibilityGlobals) = postSolution
		SolutionGuid = {3066D3F8-2F1A-403A-8B62-8CF09E9B8775}
	EndGlobalSection
EndGlobal
