
Microsoft Visual Studio Solution File, Format Version 12.00
# Visual Studio 15
VisualStudioVersion = 15.0.26730.15
MinimumVisualStudioVersion = 10.0.40219.1
Project("{FAE04EC0-301F-11D3-BF4B-00C04F79EFBC}") = "06.MaxSequenceofEqualEl", "06.MaxSequenceofEqualEl\06.MaxSequenceofEqualEl.csproj", "{80325E28-6D02-4B0F-B858-E7C79A7A15E8}"
EndProject
Global
	GlobalSection(SolutionConfigurationPlatforms) = preSolution
		Debug|Any CPU = Debug|Any CPU
		Release|Any CPU = Release|Any CPU
	EndGlobalSection
	GlobalSection(ProjectConfigurationPlatforms) = postSolution
		{80325E28-6D02-4B0F-B858-E7C79A7A15E8}.Debug|Any CPU.ActiveCfg = Debug|Any CPU
		{80325E28-6D02-4B0F-B858-E7C79A7A15E8}.Debug|Any CPU.Build.0 = Debug|Any CPU
		{80325E28-6D02-4B0F-B858-E7C79A7A15E8}.Release|Any CPU.ActiveCfg = Release|Any CPU
		{80325E28-6D02-4B0F-B858-E7C79A7A15E8}.Release|Any CPU.Build.0 = Release|Any CPU
	EndGlobalSection
	GlobalSection(SolutionProperties) = preSolution
		HideSolutionNode = FALSE
	EndGlobalSection
	GlobalSection(ExtensibilityGlobals) = postSolution
		SolutionGuid = {E6FA7994-8579-4D0E-A4A4-D33E6124824A}
	EndGlobalSection
EndGlobal
