
Microsoft Visual Studio Solution File, Format Version 12.00
# Visual Studio 15
VisualStudioVersion = 15.0.26730.15
MinimumVisualStudioVersion = 10.0.40219.1
Project("{FAE04EC0-301F-11D3-BF4B-00C04F79EFBC}") = "01.MaxSequenceofEqualEle", "01.MaxSequenceofEqualEle\01.MaxSequenceofEqualEle.csproj", "{07FA1424-E0D3-4D9E-BDEC-8683DA54EF8A}"
EndProject
Global
	GlobalSection(SolutionConfigurationPlatforms) = preSolution
		Debug|Any CPU = Debug|Any CPU
		Release|Any CPU = Release|Any CPU
	EndGlobalSection
	GlobalSection(ProjectConfigurationPlatforms) = postSolution
		{07FA1424-E0D3-4D9E-BDEC-8683DA54EF8A}.Debug|Any CPU.ActiveCfg = Debug|Any CPU
		{07FA1424-E0D3-4D9E-BDEC-8683DA54EF8A}.Debug|Any CPU.Build.0 = Debug|Any CPU
		{07FA1424-E0D3-4D9E-BDEC-8683DA54EF8A}.Release|Any CPU.ActiveCfg = Release|Any CPU
		{07FA1424-E0D3-4D9E-BDEC-8683DA54EF8A}.Release|Any CPU.Build.0 = Release|Any CPU
	EndGlobalSection
	GlobalSection(SolutionProperties) = preSolution
		HideSolutionNode = FALSE
	EndGlobalSection
	GlobalSection(ExtensibilityGlobals) = postSolution
		SolutionGuid = {7C3B8C12-70A0-47B7-A07F-14383F1E4F8E}
	EndGlobalSection
EndGlobal
