
Microsoft Visual Studio Solution File, Format Version 12.00
# Visual Studio 15
VisualStudioVersion = 15.0.26730.15
MinimumVisualStudioVersion = 10.0.40219.1
Project("{FAE04EC0-301F-11D3-BF4B-00C04F79EFBC}") = "13.VowelorDigit", "13.VowelorDigit\13.VowelorDigit.csproj", "{CDAF797F-2341-4723-BC44-75D0510F8E8A}"
EndProject
Global
	GlobalSection(SolutionConfigurationPlatforms) = preSolution
		Debug|Any CPU = Debug|Any CPU
		Release|Any CPU = Release|Any CPU
	EndGlobalSection
	GlobalSection(ProjectConfigurationPlatforms) = postSolution
		{CDAF797F-2341-4723-BC44-75D0510F8E8A}.Debug|Any CPU.ActiveCfg = Debug|Any CPU
		{CDAF797F-2341-4723-BC44-75D0510F8E8A}.Debug|Any CPU.Build.0 = Debug|Any CPU
		{CDAF797F-2341-4723-BC44-75D0510F8E8A}.Release|Any CPU.ActiveCfg = Release|Any CPU
		{CDAF797F-2341-4723-BC44-75D0510F8E8A}.Release|Any CPU.Build.0 = Release|Any CPU
	EndGlobalSection
	GlobalSection(SolutionProperties) = preSolution
		HideSolutionNode = FALSE
	EndGlobalSection
	GlobalSection(ExtensibilityGlobals) = postSolution
		SolutionGuid = {A6FE4132-0E53-4726-BCA3-631E2505158C}
	EndGlobalSection
EndGlobal
