
Microsoft Visual Studio Solution File, Format Version 12.00
# Visual Studio 15
VisualStudioVersion = 15.0.26730.15
MinimumVisualStudioVersion = 10.0.40219.1
Project("{FAE04EC0-301F-11D3-BF4B-00C04F79EFBC}") = "05.CharacterStats", "05.CharacterStats\05.CharacterStats.csproj", "{ED6863A9-4F3C-4FA0-88D2-6C8F9EF4AB19}"
EndProject
Global
	GlobalSection(SolutionConfigurationPlatforms) = preSolution
		Debug|Any CPU = Debug|Any CPU
		Release|Any CPU = Release|Any CPU
	EndGlobalSection
	GlobalSection(ProjectConfigurationPlatforms) = postSolution
		{ED6863A9-4F3C-4FA0-88D2-6C8F9EF4AB19}.Debug|Any CPU.ActiveCfg = Debug|Any CPU
		{ED6863A9-4F3C-4FA0-88D2-6C8F9EF4AB19}.Debug|Any CPU.Build.0 = Debug|Any CPU
		{ED6863A9-4F3C-4FA0-88D2-6C8F9EF4AB19}.Release|Any CPU.ActiveCfg = Release|Any CPU
		{ED6863A9-4F3C-4FA0-88D2-6C8F9EF4AB19}.Release|Any CPU.Build.0 = Release|Any CPU
	EndGlobalSection
	GlobalSection(SolutionProperties) = preSolution
		HideSolutionNode = FALSE
	EndGlobalSection
	GlobalSection(ExtensibilityGlobals) = postSolution
		SolutionGuid = {AF3C120D-E982-469A-AA65-DAA067A11AF4}
	EndGlobalSection
EndGlobal
