
Microsoft Visual Studio Solution File, Format Version 12.00
# Visual Studio 15
VisualStudioVersion = 15.0.26730.15
MinimumVisualStudioVersion = 10.0.40219.1
Project("{FAE04EC0-301F-11D3-BF4B-00C04F79EFBC}") = "10.СръбскоUnleashed", "10.СръбскоUnleashed\10.СръбскоUnleashed.csproj", "{CA6C1336-8E80-4C0D-9A41-510F7EA6AA18}"
EndProject
Global
	GlobalSection(SolutionConfigurationPlatforms) = preSolution
		Debug|Any CPU = Debug|Any CPU
		Release|Any CPU = Release|Any CPU
	EndGlobalSection
	GlobalSection(ProjectConfigurationPlatforms) = postSolution
		{CA6C1336-8E80-4C0D-9A41-510F7EA6AA18}.Debug|Any CPU.ActiveCfg = Debug|Any CPU
		{CA6C1336-8E80-4C0D-9A41-510F7EA6AA18}.Debug|Any CPU.Build.0 = Debug|Any CPU
		{CA6C1336-8E80-4C0D-9A41-510F7EA6AA18}.Release|Any CPU.ActiveCfg = Release|Any CPU
		{CA6C1336-8E80-4C0D-9A41-510F7EA6AA18}.Release|Any CPU.Build.0 = Release|Any CPU
	EndGlobalSection
	GlobalSection(SolutionProperties) = preSolution
		HideSolutionNode = FALSE
	EndGlobalSection
	GlobalSection(ExtensibilityGlobals) = postSolution
		SolutionGuid = {609896B6-A3E3-4BDF-8EDB-1E2F48A6B6F3}
	EndGlobalSection
EndGlobal
