
Microsoft Visual Studio Solution File, Format Version 12.00
# Visual Studio 15
VisualStudioVersion = 15.0.26730.15
MinimumVisualStudioVersion = 10.0.40219.1
Project("{FAE04EC0-301F-11D3-BF4B-00C04F79EFBC}") = "9.MultiplicationTable", "9.MultiplicationTable\9.MultiplicationTable.csproj", "{25C7CC61-610C-47D8-A4DC-C5B96CA5A55F}"
EndProject
Global
	GlobalSection(SolutionConfigurationPlatforms) = preSolution
		Debug|Any CPU = Debug|Any CPU
		Release|Any CPU = Release|Any CPU
	EndGlobalSection
	GlobalSection(ProjectConfigurationPlatforms) = postSolution
		{25C7CC61-610C-47D8-A4DC-C5B96CA5A55F}.Debug|Any CPU.ActiveCfg = Debug|Any CPU
		{25C7CC61-610C-47D8-A4DC-C5B96CA5A55F}.Debug|Any CPU.Build.0 = Debug|Any CPU
		{25C7CC61-610C-47D8-A4DC-C5B96CA5A55F}.Release|Any CPU.ActiveCfg = Release|Any CPU
		{25C7CC61-610C-47D8-A4DC-C5B96CA5A55F}.Release|Any CPU.Build.0 = Release|Any CPU
	EndGlobalSection
	GlobalSection(SolutionProperties) = preSolution
		HideSolutionNode = FALSE
	EndGlobalSection
	GlobalSection(ExtensibilityGlobals) = postSolution
		SolutionGuid = {20D061D4-C5F1-407A-BE2A-7560FD1DD22C}
	EndGlobalSection
EndGlobal
