
Microsoft Visual Studio Solution File, Format Version 12.00
# Visual Studio 15
VisualStudioVersion = 15.0.26730.15
MinimumVisualStudioVersion = 10.0.40219.1
Project("{FAE04EC0-301F-11D3-BF4B-00C04F79EFBC}") = "11.EqualSums", "11.EqualSums\11.EqualSums.csproj", "{DD3C85FE-FAE3-4FCA-91BE-BA99F69A5183}"
EndProject
Global
	GlobalSection(SolutionConfigurationPlatforms) = preSolution
		Debug|Any CPU = Debug|Any CPU
		Release|Any CPU = Release|Any CPU
	EndGlobalSection
	GlobalSection(ProjectConfigurationPlatforms) = postSolution
		{DD3C85FE-FAE3-4FCA-91BE-BA99F69A5183}.Debug|Any CPU.ActiveCfg = Debug|Any CPU
		{DD3C85FE-FAE3-4FCA-91BE-BA99F69A5183}.Debug|Any CPU.Build.0 = Debug|Any CPU
		{DD3C85FE-FAE3-4FCA-91BE-BA99F69A5183}.Release|Any CPU.ActiveCfg = Release|Any CPU
		{DD3C85FE-FAE3-4FCA-91BE-BA99F69A5183}.Release|Any CPU.Build.0 = Release|Any CPU
	EndGlobalSection
	GlobalSection(SolutionProperties) = preSolution
		HideSolutionNode = FALSE
	EndGlobalSection
	GlobalSection(ExtensibilityGlobals) = postSolution
		SolutionGuid = {D566035A-8A9D-48A8-BA26-AC15120303F5}
	EndGlobalSection
EndGlobal
