
Microsoft Visual Studio Solution File, Format Version 12.00
# Visual Studio 15
VisualStudioVersion = 15.0.26730.15
MinimumVisualStudioVersion = 10.0.40219.1
Project("{FAE04EC0-301F-11D3-BF4B-00C04F79EFBC}") = "09.MelrahShake", "09.MelrahShake\09.MelrahShake.csproj", "{D068DD66-BF24-4120-B564-6A7496217548}"
EndProject
Global
	GlobalSection(SolutionConfigurationPlatforms) = preSolution
		Debug|Any CPU = Debug|Any CPU
		Release|Any CPU = Release|Any CPU
	EndGlobalSection
	GlobalSection(ProjectConfigurationPlatforms) = postSolution
		{D068DD66-BF24-4120-B564-6A7496217548}.Debug|Any CPU.ActiveCfg = Debug|Any CPU
		{D068DD66-BF24-4120-B564-6A7496217548}.Debug|Any CPU.Build.0 = Debug|Any CPU
		{D068DD66-BF24-4120-B564-6A7496217548}.Release|Any CPU.ActiveCfg = Release|Any CPU
		{D068DD66-BF24-4120-B564-6A7496217548}.Release|Any CPU.Build.0 = Release|Any CPU
	EndGlobalSection
	GlobalSection(SolutionProperties) = preSolution
		HideSolutionNode = FALSE
	EndGlobalSection
	GlobalSection(ExtensibilityGlobals) = postSolution
		SolutionGuid = {2F202371-D41F-42C6-9D9E-65F172D50D03}
	EndGlobalSection
EndGlobal
