
Microsoft Visual Studio Solution File, Format Version 12.00
# Visual Studio 15
VisualStudioVersion = 15.0.26730.15
MinimumVisualStudioVersion = 10.0.40219.1
Project("{FAE04EC0-301F-11D3-BF4B-00C04F79EFBC}") = "19.TheaThePhotographer", "19.TheaThePhotographer\19.TheaThePhotographer.csproj", "{DE5C0EB7-025E-4178-9D56-E0418A33008D}"
EndProject
Global
	GlobalSection(SolutionConfigurationPlatforms) = preSolution
		Debug|Any CPU = Debug|Any CPU
		Release|Any CPU = Release|Any CPU
	EndGlobalSection
	GlobalSection(ProjectConfigurationPlatforms) = postSolution
		{DE5C0EB7-025E-4178-9D56-E0418A33008D}.Debug|Any CPU.ActiveCfg = Debug|Any CPU
		{DE5C0EB7-025E-4178-9D56-E0418A33008D}.Debug|Any CPU.Build.0 = Debug|Any CPU
		{DE5C0EB7-025E-4178-9D56-E0418A33008D}.Release|Any CPU.ActiveCfg = Release|Any CPU
		{DE5C0EB7-025E-4178-9D56-E0418A33008D}.Release|Any CPU.Build.0 = Release|Any CPU
	EndGlobalSection
	GlobalSection(SolutionProperties) = preSolution
		HideSolutionNode = FALSE
	EndGlobalSection
	GlobalSection(ExtensibilityGlobals) = postSolution
		SolutionGuid = {3D9F0727-3FB0-42E5-88BA-F80C71B2ACDB}
	EndGlobalSection
EndGlobal
