
Microsoft Visual Studio Solution File, Format Version 12.00
# Visual Studio 15
VisualStudioVersion = 15.0.26730.15
MinimumVisualStudioVersion = 10.0.40219.1
Project("{FAE04EC0-301F-11D3-BF4B-00C04F79EFBC}") = "04.LongestIncreasingSubseq", "04.LongestIncreasingSubseq\04.LongestIncreasingSubseq.csproj", "{31FAFFC5-CFE2-479A-91EE-F7452B6D700B}"
EndProject
Global
	GlobalSection(SolutionConfigurationPlatforms) = preSolution
		Debug|Any CPU = Debug|Any CPU
		Release|Any CPU = Release|Any CPU
	EndGlobalSection
	GlobalSection(ProjectConfigurationPlatforms) = postSolution
		{31FAFFC5-CFE2-479A-91EE-F7452B6D700B}.Debug|Any CPU.ActiveCfg = Debug|Any CPU
		{31FAFFC5-CFE2-479A-91EE-F7452B6D700B}.Debug|Any CPU.Build.0 = Debug|Any CPU
		{31FAFFC5-CFE2-479A-91EE-F7452B6D700B}.Release|Any CPU.ActiveCfg = Release|Any CPU
		{31FAFFC5-CFE2-479A-91EE-F7452B6D700B}.Release|Any CPU.Build.0 = Release|Any CPU
	EndGlobalSection
	GlobalSection(SolutionProperties) = preSolution
		HideSolutionNode = FALSE
	EndGlobalSection
	GlobalSection(ExtensibilityGlobals) = postSolution
		SolutionGuid = {E08B7EAC-9069-4CEE-A43F-541D4881B1C8}
	EndGlobalSection
EndGlobal
