
Microsoft Visual Studio Solution File, Format Version 12.00
# Visual Studio 15
VisualStudioVersion = 15.0.26730.15
MinimumVisualStudioVersion = 10.0.40219.1
Project("{FAE04EC0-301F-11D3-BF4B-00C04F79EFBC}") = "10.CenturiestoNanoseconds", "10.CenturiestoNanoseconds\10.CenturiestoNanoseconds.csproj", "{D8C518C0-7212-43C9-BB59-614EBFBB3AAE}"
EndProject
Global
	GlobalSection(SolutionConfigurationPlatforms) = preSolution
		Debug|Any CPU = Debug|Any CPU
		Release|Any CPU = Release|Any CPU
	EndGlobalSection
	GlobalSection(ProjectConfigurationPlatforms) = postSolution
		{D8C518C0-7212-43C9-BB59-614EBFBB3AAE}.Debug|Any CPU.ActiveCfg = Debug|Any CPU
		{D8C518C0-7212-43C9-BB59-614EBFBB3AAE}.Debug|Any CPU.Build.0 = Debug|Any CPU
		{D8C518C0-7212-43C9-BB59-614EBFBB3AAE}.Release|Any CPU.ActiveCfg = Release|Any CPU
		{D8C518C0-7212-43C9-BB59-614EBFBB3AAE}.Release|Any CPU.Build.0 = Release|Any CPU
	EndGlobalSection
	GlobalSection(SolutionProperties) = preSolution
		HideSolutionNode = FALSE
	EndGlobalSection
	GlobalSection(ExtensibilityGlobals) = postSolution
		SolutionGuid = {4947FD1F-4332-440B-B5B1-C7E338502C5C}
	EndGlobalSection
EndGlobal
