
Microsoft Visual Studio Solution File, Format Version 12.00
# Visual Studio 15
VisualStudioVersion = 15.0.26730.15
MinimumVisualStudioVersion = 10.0.40219.1
Project("{FAE04EC0-301F-11D3-BF4B-00C04F79EFBC}") = "01.CenturiestoMinutes", "01.CenturiestoMinutes\01.CenturiestoMinutes.csproj", "{6025C0AC-813F-48A2-A7FB-1C7A3D082077}"
EndProject
Global
	GlobalSection(SolutionConfigurationPlatforms) = preSolution
		Debug|Any CPU = Debug|Any CPU
		Release|Any CPU = Release|Any CPU
	EndGlobalSection
	GlobalSection(ProjectConfigurationPlatforms) = postSolution
		{6025C0AC-813F-48A2-A7FB-1C7A3D082077}.Debug|Any CPU.ActiveCfg = Debug|Any CPU
		{6025C0AC-813F-48A2-A7FB-1C7A3D082077}.Debug|Any CPU.Build.0 = Debug|Any CPU
		{6025C0AC-813F-48A2-A7FB-1C7A3D082077}.Release|Any CPU.ActiveCfg = Release|Any CPU
		{6025C0AC-813F-48A2-A7FB-1C7A3D082077}.Release|Any CPU.Build.0 = Release|Any CPU
	EndGlobalSection
	GlobalSection(SolutionProperties) = preSolution
		HideSolutionNode = FALSE
	EndGlobalSection
	GlobalSection(ExtensibilityGlobals) = postSolution
		SolutionGuid = {59C774B5-A633-4836-B00E-151834AA6581}
	EndGlobalSection
EndGlobal
