
Microsoft Visual Studio Solution File, Format Version 12.00
# Visual Studio 15
VisualStudioVersion = 15.0.26730.15
MinimumVisualStudioVersion = 10.0.40219.1
Project("{FAE04EC0-301F-11D3-BF4B-00C04F79EFBC}") = "01.RemoveNegativesAndRev", "01.RemoveNegativesAndRev\01.RemoveNegativesAndRev.csproj", "{9614D057-F64A-42D1-B870-C9991B70DE8D}"
EndProject
Global
	GlobalSection(SolutionConfigurationPlatforms) = preSolution
		Debug|Any CPU = Debug|Any CPU
		Release|Any CPU = Release|Any CPU
	EndGlobalSection
	GlobalSection(ProjectConfigurationPlatforms) = postSolution
		{9614D057-F64A-42D1-B870-C9991B70DE8D}.Debug|Any CPU.ActiveCfg = Debug|Any CPU
		{9614D057-F64A-42D1-B870-C9991B70DE8D}.Debug|Any CPU.Build.0 = Debug|Any CPU
		{9614D057-F64A-42D1-B870-C9991B70DE8D}.Release|Any CPU.ActiveCfg = Release|Any CPU
		{9614D057-F64A-42D1-B870-C9991B70DE8D}.Release|Any CPU.Build.0 = Release|Any CPU
	EndGlobalSection
	GlobalSection(SolutionProperties) = preSolution
		HideSolutionNode = FALSE
	EndGlobalSection
	GlobalSection(ExtensibilityGlobals) = postSolution
		SolutionGuid = {125B22BA-1F48-42B3-AFFB-0E981E4E73F7}
	EndGlobalSection
EndGlobal
