
Microsoft Visual Studio Solution File, Format Version 12.00
# Visual Studio 15
VisualStudioVersion = 15.0.26730.15
MinimumVisualStudioVersion = 10.0.40219.1
Project("{FAE04EC0-301F-11D3-BF4B-00C04F79EFBC}") = "04.SieveofEratosthenes", "04.SieveofEratosthenes\04.SieveofEratosthenes.csproj", "{49AE3B08-9375-40E6-A3B5-04987DE3EF42}"
EndProject
Global
	GlobalSection(SolutionConfigurationPlatforms) = preSolution
		Debug|Any CPU = Debug|Any CPU
		Release|Any CPU = Release|Any CPU
	EndGlobalSection
	GlobalSection(ProjectConfigurationPlatforms) = postSolution
		{49AE3B08-9375-40E6-A3B5-04987DE3EF42}.Debug|Any CPU.ActiveCfg = Debug|Any CPU
		{49AE3B08-9375-40E6-A3B5-04987DE3EF42}.Debug|Any CPU.Build.0 = Debug|Any CPU
		{49AE3B08-9375-40E6-A3B5-04987DE3EF42}.Release|Any CPU.ActiveCfg = Release|Any CPU
		{49AE3B08-9375-40E6-A3B5-04987DE3EF42}.Release|Any CPU.Build.0 = Release|Any CPU
	EndGlobalSection
	GlobalSection(SolutionProperties) = preSolution
		HideSolutionNode = FALSE
	EndGlobalSection
	GlobalSection(ExtensibilityGlobals) = postSolution
		SolutionGuid = {91C49AA0-F263-4665-AE98-C6E16F63C024}
	EndGlobalSection
EndGlobal
