
Microsoft Visual Studio Solution File, Format Version 12.00
# Visual Studio 15
VisualStudioVersion = 15.0.26730.15
MinimumVisualStudioVersion = 10.0.40219.1
Project("{FAE04EC0-301F-11D3-BF4B-00C04F79EFBC}") = "16.Comparingfloats", "16.Comparingfloats\16.Comparingfloats.csproj", "{A29E0127-F085-4360-9D3E-4512C784802B}"
EndProject
Global
	GlobalSection(SolutionConfigurationPlatforms) = preSolution
		Debug|Any CPU = Debug|Any CPU
		Release|Any CPU = Release|Any CPU
	EndGlobalSection
	GlobalSection(ProjectConfigurationPlatforms) = postSolution
		{A29E0127-F085-4360-9D3E-4512C784802B}.Debug|Any CPU.ActiveCfg = Debug|Any CPU
		{A29E0127-F085-4360-9D3E-4512C784802B}.Debug|Any CPU.Build.0 = Debug|Any CPU
		{A29E0127-F085-4360-9D3E-4512C784802B}.Release|Any CPU.ActiveCfg = Release|Any CPU
		{A29E0127-F085-4360-9D3E-4512C784802B}.Release|Any CPU.Build.0 = Release|Any CPU
	EndGlobalSection
	GlobalSection(SolutionProperties) = preSolution
		HideSolutionNode = FALSE
	EndGlobalSection
	GlobalSection(ExtensibilityGlobals) = postSolution
		SolutionGuid = {E300E22A-1E21-45B2-A1BC-05BA79191331}
	EndGlobalSection
EndGlobal
