
Microsoft Visual Studio Solution File, Format Version 12.00
# Visual Studio 15
VisualStudioVersion = 15.0.26730.15
MinimumVisualStudioVersion = 10.0.40219.1
Project("{FAE04EC0-301F-11D3-BF4B-00C04F79EFBC}") = "02.NumberChecker", "02.NumberChecker\02.NumberChecker.csproj", "{E246A6A0-4E28-4971-B3DB-E6A1833DED6E}"
EndProject
Global
	GlobalSection(SolutionConfigurationPlatforms) = preSolution
		Debug|Any CPU = Debug|Any CPU
		Release|Any CPU = Release|Any CPU
	EndGlobalSection
	GlobalSection(ProjectConfigurationPlatforms) = postSolution
		{E246A6A0-4E28-4971-B3DB-E6A1833DED6E}.Debug|Any CPU.ActiveCfg = Debug|Any CPU
		{E246A6A0-4E28-4971-B3DB-E6A1833DED6E}.Debug|Any CPU.Build.0 = Debug|Any CPU
		{E246A6A0-4E28-4971-B3DB-E6A1833DED6E}.Release|Any CPU.ActiveCfg = Release|Any CPU
		{E246A6A0-4E28-4971-B3DB-E6A1833DED6E}.Release|Any CPU.Build.0 = Release|Any CPU
	EndGlobalSection
	GlobalSection(SolutionProperties) = preSolution
		HideSolutionNode = FALSE
	EndGlobalSection
	GlobalSection(ExtensibilityGlobals) = postSolution
		SolutionGuid = {3633F642-58EB-4046-99B7-AEDF875BE3E6}
	EndGlobalSection
EndGlobal
