
Microsoft Visual Studio Solution File, Format Version 12.00
# Visual Studio 15
VisualStudioVersion = 15.0.26730.15
MinimumVisualStudioVersion = 10.0.40219.1
Project("{FAE04EC0-301F-11D3-BF4B-00C04F79EFBC}") = "07.CakeIngredients", "07.CakeIngredients\07.CakeIngredients.csproj", "{8006EAE4-CBE7-4358-AA20-5445486298FD}"
EndProject
Global
	GlobalSection(SolutionConfigurationPlatforms) = preSolution
		Debug|Any CPU = Debug|Any CPU
		Release|Any CPU = Release|Any CPU
	EndGlobalSection
	GlobalSection(ProjectConfigurationPlatforms) = postSolution
		{8006EAE4-CBE7-4358-AA20-5445486298FD}.Debug|Any CPU.ActiveCfg = Debug|Any CPU
		{8006EAE4-CBE7-4358-AA20-5445486298FD}.Debug|Any CPU.Build.0 = Debug|Any CPU
		{8006EAE4-CBE7-4358-AA20-5445486298FD}.Release|Any CPU.ActiveCfg = Release|Any CPU
		{8006EAE4-CBE7-4358-AA20-5445486298FD}.Release|Any CPU.Build.0 = Release|Any CPU
	EndGlobalSection
	GlobalSection(SolutionProperties) = preSolution
		HideSolutionNode = FALSE
	EndGlobalSection
	GlobalSection(ExtensibilityGlobals) = postSolution
		SolutionGuid = {1BF56B4F-58AB-408A-A770-ACCE7AA5E4C4}
	EndGlobalSection
EndGlobal
