
Microsoft Visual Studio Solution File, Format Version 12.00
# Visual Studio 15
VisualStudioVersion = 15.0.26730.15
MinimumVisualStudioVersion = 10.0.40219.1
Project("{FAE04EC0-301F-11D3-BF4B-00C04F79EFBC}") = "02.ChangeList", "02.ChangeList\02.ChangeList.csproj", "{18EFBA17-34CA-41AB-BC1D-21B4440BFC15}"
EndProject
Global
	GlobalSection(SolutionConfigurationPlatforms) = preSolution
		Debug|Any CPU = Debug|Any CPU
		Release|Any CPU = Release|Any CPU
	EndGlobalSection
	GlobalSection(ProjectConfigurationPlatforms) = postSolution
		{18EFBA17-34CA-41AB-BC1D-21B4440BFC15}.Debug|Any CPU.ActiveCfg = Debug|Any CPU
		{18EFBA17-34CA-41AB-BC1D-21B4440BFC15}.Debug|Any CPU.Build.0 = Debug|Any CPU
		{18EFBA17-34CA-41AB-BC1D-21B4440BFC15}.Release|Any CPU.ActiveCfg = Release|Any CPU
		{18EFBA17-34CA-41AB-BC1D-21B4440BFC15}.Release|Any CPU.Build.0 = Release|Any CPU
	EndGlobalSection
	GlobalSection(SolutionProperties) = preSolution
		HideSolutionNode = FALSE
	EndGlobalSection
	GlobalSection(ExtensibilityGlobals) = postSolution
		SolutionGuid = {CC23B964-22DA-427C-A3EE-222F7FA4E6F1}
	EndGlobalSection
EndGlobal
