
Microsoft Visual Studio Solution File, Format Version 12.00
# Visual Studio 15
VisualStudioVersion = 15.0.26730.15
MinimumVisualStudioVersion = 10.0.40219.1
Project("{FAE04EC0-301F-11D3-BF4B-00C04F79EFBC}") = "01.ExtractEmails", "01.ExtractEmails\01.ExtractEmails.csproj", "{F3A517F7-A4BA-4D77-AF6D-DF6F30786D68}"
EndProject
Global
	GlobalSection(SolutionConfigurationPlatforms) = preSolution
		Debug|Any CPU = Debug|Any CPU
		Release|Any CPU = Release|Any CPU
	EndGlobalSection
	GlobalSection(ProjectConfigurationPlatforms) = postSolution
		{F3A517F7-A4BA-4D77-AF6D-DF6F30786D68}.Debug|Any CPU.ActiveCfg = Debug|Any CPU
		{F3A517F7-A4BA-4D77-AF6D-DF6F30786D68}.Debug|Any CPU.Build.0 = Debug|Any CPU
		{F3A517F7-A4BA-4D77-AF6D-DF6F30786D68}.Release|Any CPU.ActiveCfg = Release|Any CPU
		{F3A517F7-A4BA-4D77-AF6D-DF6F30786D68}.Release|Any CPU.Build.0 = Release|Any CPU
	EndGlobalSection
	GlobalSection(SolutionProperties) = preSolution
		HideSolutionNode = FALSE
	EndGlobalSection
	GlobalSection(ExtensibilityGlobals) = postSolution
		SolutionGuid = {49136A5D-05AA-41FE-97E6-8342D3A8F8A8}
	EndGlobalSection
EndGlobal
