
Microsoft Visual Studio Solution File, Format Version 12.00
# Visual Studio 15
VisualStudioVersion = 15.0.26730.15
MinimumVisualStudioVersion = 10.0.40219.1
Project("{FAE04EC0-301F-11D3-BF4B-00C04F79EFBC}") = "08. Employee Data", "08. Employee Data\08. Employee Data.csproj", "{BF0574D4-BD16-4235-90A8-FF089372A690}"
EndProject
Global
	GlobalSection(SolutionConfigurationPlatforms) = preSolution
		Debug|Any CPU = Debug|Any CPU
		Release|Any CPU = Release|Any CPU
	EndGlobalSection
	GlobalSection(ProjectConfigurationPlatforms) = postSolution
		{BF0574D4-BD16-4235-90A8-FF089372A690}.Debug|Any CPU.ActiveCfg = Debug|Any CPU
		{BF0574D4-BD16-4235-90A8-FF089372A690}.Debug|Any CPU.Build.0 = Debug|Any CPU
		{BF0574D4-BD16-4235-90A8-FF089372A690}.Release|Any CPU.ActiveCfg = Release|Any CPU
		{BF0574D4-BD16-4235-90A8-FF089372A690}.Release|Any CPU.Build.0 = Release|Any CPU
	EndGlobalSection
	GlobalSection(SolutionProperties) = preSolution
		HideSolutionNode = FALSE
	EndGlobalSection
	GlobalSection(ExtensibilityGlobals) = postSolution
		SolutionGuid = {C9A81424-9BE3-465B-B230-92AF17C370D4}
	EndGlobalSection
EndGlobal
